{
  "name": "sanity-template-vercel-basic",
  "version": "1.0.0",
  "lockfileVersion": 1,
  "requires": true,
  "dependencies": {
    "@sanity/cli": {
      "version": "2.0.5",
      "resolved": "https://registry.npmjs.org/@sanity/cli/-/cli-2.0.5.tgz",
      "integrity": "sha512-DnTumr7ejdyc1Q8Ljo08TOcJVx5Puwy2TWFDFleMxIclgTwurnvR/XoVwJd96aVIiBsz9TwoVvELUOCsh/01Lw==",
      "dev": true
    }
  }
}
